
Microsoft Visual Studio Solution File, Format Version 12.00
# Visual Studio Version 17
VisualStudioVersion = 17.9.34701.34
MinimumVisualStudioVersion = 10.0.40219.1
Project("{FAE04EC0-301F-11D3-BF4B-00C04F79EFBC}") = "benzinskaStanica", "benzinskaStanica\benzinskaStanica.csproj", "{DB2AC342-6C1A-4399-A121-8BC7D41E18B1}"
EndProject
Global
	GlobalSection(SolutionConfigurationPlatforms) = preSolution
		Debug|Any CPU = Debug|Any CPU
		Release|Any CPU = Release|Any CPU
	EndGlobalSection
	GlobalSection(ProjectConfigurationPlatforms) = postSolution
		{DB2AC342-6C1A-4399-A121-8BC7D41E18B1}.Debug|Any CPU.ActiveCfg = Debug|Any CPU
		{DB2AC342-6C1A-4399-A121-8BC7D41E18B1}.Debug|Any CPU.Build.0 = Debug|Any CPU
		{DB2AC342-6C1A-4399-A121-8BC7D41E18B1}.Release|Any CPU.ActiveCfg = Release|Any CPU
		{DB2AC342-6C1A-4399-A121-8BC7D41E18B1}.Release|Any CPU.Build.0 = Release|Any CPU
	EndGlobalSection
	GlobalSection(SolutionProperties) = preSolution
		HideSolutionNode = FALSE
	EndGlobalSection
	GlobalSection(ExtensibilityGlobals) = postSolution
		SolutionGuid = {57DBF85F-8572-4D64-87D2-182B2D2B62F4}
	EndGlobalSection
EndGlobal
