
Microsoft Visual Studio Solution File, Format Version 12.00
# Visual Studio Version 17
VisualStudioVersion = 17.9.34701.34
MinimumVisualStudioVersion = 10.0.40219.1
Project("{FAE04EC0-301F-11D3-BF4B-00C04F79EFBC}") = "igraPamcenja", "igraPamcenja\igraPamcenja.csproj", "{F7907797-D165-4DD0-A922-FAE6CBE5E827}"
EndProject
Global
	GlobalSection(SolutionConfigurationPlatforms) = preSolution
		Debug|Any CPU = Debug|Any CPU
		Release|Any CPU = Release|Any CPU
	EndGlobalSection
	GlobalSection(ProjectConfigurationPlatforms) = postSolution
		{F7907797-D165-4DD0-A922-FAE6CBE5E827}.Debug|Any CPU.ActiveCfg = Debug|Any CPU
		{F7907797-D165-4DD0-A922-FAE6CBE5E827}.Debug|Any CPU.Build.0 = Debug|Any CPU
		{F7907797-D165-4DD0-A922-FAE6CBE5E827}.Release|Any CPU.ActiveCfg = Release|Any CPU
		{F7907797-D165-4DD0-A922-FAE6CBE5E827}.Release|Any CPU.Build.0 = Release|Any CPU
	EndGlobalSection
	GlobalSection(SolutionProperties) = preSolution
		HideSolutionNode = FALSE
	EndGlobalSection
	GlobalSection(ExtensibilityGlobals) = postSolution
		SolutionGuid = {FED868FC-A7E4-4C2D-8360-1E5E9C2D744A}
	EndGlobalSection
EndGlobal
